
Microsoft Visual Studio Solution File, Format Version 12.00
# Visual Studio Version 16
VisualStudioVersion = 16.0.30804.86
MinimumVisualStudioVersion = 10.0.40219.1
Project("{8BC9CEB8-8B4A-11D0-8D11-00A0C91BC942}") = "1260", "1260\1260.vcxproj", "{1D207332-75F0-4366-B2C5-C3D309CC413B}"
EndProject
Project("{8BC9CEB8-8B4A-11D0-8D11-00A0C91BC942}") = "2573", "2573\2573.vcxproj", "{4F071A03-9029-4227-BC3F-78297B0BA129}"
EndProject
Project("{2150E333-8FDC-42A3-9474-1A3956D46DE8}") = "BOJ", "BOJ", "{8432F51B-C985-4D40-A0F2-816FFEA39501}"
EndProject
Project("{8BC9CEB8-8B4A-11D0-8D11-00A0C91BC942}") = "14503", "14503\14503.vcxproj", "{FF05827A-7888-4A14-AFBD-C268251EB835}"
EndProject
Project("{8BC9CEB8-8B4A-11D0-8D11-00A0C91BC942}") = "7569", "7569\7569.vcxproj", "{D632D7B3-73EA-4AEF-922F-669C46902639}"
EndProject
Project("{8BC9CEB8-8B4A-11D0-8D11-00A0C91BC942}") = "9205", "9205\9205.vcxproj", "{BB131F79-EDBF-4999-BF8D-36222E639C8B}"
EndProject
Project("{8BC9CEB8-8B4A-11D0-8D11-00A0C91BC942}") = "18809", "18809\18809.vcxproj", "{2C681821-BC03-4DB0-BB99-60A0388745CB}"
EndProject
Project("{8BC9CEB8-8B4A-11D0-8D11-00A0C91BC942}") = "5577", "5577\5577.vcxproj", "{57D5B06A-06CB-4848-9556-422E287146C8}"
EndProject
Project("{8BC9CEB8-8B4A-11D0-8D11-00A0C91BC942}") = "20365", "20365\20365.vcxproj", "{554E11A3-E532-4C3C-8EA4-5488FB58CA8E}"
EndProject
Project("{8BC9CEB8-8B4A-11D0-8D11-00A0C91BC942}") = "16157", "16157\16157.vcxproj", "{32E80848-304E-4C32-948F-24A995BFA194}"
EndProject
Project("{8BC9CEB8-8B4A-11D0-8D11-00A0C91BC942}") = "17471", "17471\17471.vcxproj", "{70368C36-9410-444C-A30A-B13854CA3D14}"
EndProject
Project("{8BC9CEB8-8B4A-11D0-8D11-00A0C91BC942}") = "15591", "15591\15591.vcxproj", "{2A4D2538-926F-4E0B-8499-3CD9BE2F2C58}"
EndProject
Project("{8BC9CEB8-8B4A-11D0-8D11-00A0C91BC942}") = "17092", "17092\17092.vcxproj", "{FFE6A48F-EC6C-4888-8E84-86BB06B63F81}"
EndProject
Global
	GlobalSection(SolutionConfigurationPlatforms) = preSolution
		Debug|x64 = Debug|x64
		Debug|x86 = Debug|x86
		Release|x64 = Release|x64
		Release|x86 = Release|x86
	EndGlobalSection
	GlobalSection(ProjectConfigurationPlatforms) = postSolution
		{1D207332-75F0-4366-B2C5-C3D309CC413B}.Debug|x64.ActiveCfg = Debug|x64
		{1D207332-75F0-4366-B2C5-C3D309CC413B}.Debug|x64.Build.0 = Debug|x64
		{1D207332-75F0-4366-B2C5-C3D309CC413B}.Debug|x86.ActiveCfg = Debug|Win32
		{1D207332-75F0-4366-B2C5-C3D309CC413B}.Debug|x86.Build.0 = Debug|Win32
		{1D207332-75F0-4366-B2C5-C3D309CC413B}.Release|x64.ActiveCfg = Release|x64
		{1D207332-75F0-4366-B2C5-C3D309CC413B}.Release|x64.Build.0 = Release|x64
		{1D207332-75F0-4366-B2C5-C3D309CC413B}.Release|x86.ActiveCfg = Release|Win32
		{1D207332-75F0-4366-B2C5-C3D309CC413B}.Release|x86.Build.0 = Release|Win32
		{4F071A03-9029-4227-BC3F-78297B0BA129}.Debug|x64.ActiveCfg = Debug|x64
		{4F071A03-9029-4227-BC3F-78297B0BA129}.Debug|x64.Build.0 = Debug|x64
		{4F071A03-9029-4227-BC3F-78297B0BA129}.Debug|x86.ActiveCfg = Debug|Win32
		{4F071A03-9029-4227-BC3F-78297B0BA129}.Debug|x86.Build.0 = Debug|Win32
		{4F071A03-9029-4227-BC3F-78297B0BA129}.Release|x64.ActiveCfg = Release|x64
		{4F071A03-9029-4227-BC3F-78297B0BA129}.Release|x64.Build.0 = Release|x64
		{4F071A03-9029-4227-BC3F-78297B0BA129}.Release|x86.ActiveCfg = Release|Win32
		{4F071A03-9029-4227-BC3F-78297B0BA129}.Release|x86.Build.0 = Release|Win32
		{FF05827A-7888-4A14-AFBD-C268251EB835}.Debug|x64.ActiveCfg = Debug|x64
		{FF05827A-7888-4A14-AFBD-C268251EB835}.Debug|x64.Build.0 = Debug|x64
		{FF05827A-7888-4A14-AFBD-C268251EB835}.Debug|x86.ActiveCfg = Debug|Win32
		{FF05827A-7888-4A14-AFBD-C268251EB835}.Debug|x86.Build.0 = Debug|Win32
		{FF05827A-7888-4A14-AFBD-C268251EB835}.Release|x64.ActiveCfg = Release|x64
		{FF05827A-7888-4A14-AFBD-C268251EB835}.Release|x64.Build.0 = Release|x64
		{FF05827A-7888-4A14-AFBD-C268251EB835}.Release|x86.ActiveCfg = Release|Win32
		{FF05827A-7888-4A14-AFBD-C268251EB835}.Release|x86.Build.0 = Release|Win32
		{D632D7B3-73EA-4AEF-922F-669C46902639}.Debug|x64.ActiveCfg = Debug|x64
		{D632D7B3-73EA-4AEF-922F-669C46902639}.Debug|x64.Build.0 = Debug|x64
		{D632D7B3-73EA-4AEF-922F-669C46902639}.Debug|x86.ActiveCfg = Debug|Win32
		{D632D7B3-73EA-4AEF-922F-669C46902639}.Debug|x86.Build.0 = Debug|Win32
		{D632D7B3-73EA-4AEF-922F-669C46902639}.Release|x64.ActiveCfg = Release|x64
		{D632D7B3-73EA-4AEF-922F-669C46902639}.Release|x64.Build.0 = Release|x64
		{D632D7B3-73EA-4AEF-922F-669C46902639}.Release|x86.ActiveCfg = Release|Win32
		{D632D7B3-73EA-4AEF-922F-669C46902639}.Release|x86.Build.0 = Release|Win32
		{BB131F79-EDBF-4999-BF8D-36222E639C8B}.Debug|x64.ActiveCfg = Debug|x64
		{BB131F79-EDBF-4999-BF8D-36222E639C8B}.Debug|x64.Build.0 = Debug|x64
		{BB131F79-EDBF-4999-BF8D-36222E639C8B}.Debug|x86.ActiveCfg = Debug|Win32
		{BB131F79-EDBF-4999-BF8D-36222E639C8B}.Debug|x86.Build.0 = Debug|Win32
		{BB131F79-EDBF-4999-BF8D-36222E639C8B}.Release|x64.ActiveCfg = Release|x64
		{BB131F79-EDBF-4999-BF8D-36222E639C8B}.Release|x64.Build.0 = Release|x64
		{BB131F79-EDBF-4999-BF8D-36222E639C8B}.Release|x86.ActiveCfg = Release|Win32
		{BB131F79-EDBF-4999-BF8D-36222E639C8B}.Release|x86.Build.0 = Release|Win32
		{2C681821-BC03-4DB0-BB99-60A0388745CB}.Debug|x64.ActiveCfg = Debug|x64
		{2C681821-BC03-4DB0-BB99-60A0388745CB}.Debug|x64.Build.0 = Debug|x64
		{2C681821-BC03-4DB0-BB99-60A0388745CB}.Debug|x86.ActiveCfg = Debug|Win32
		{2C681821-BC03-4DB0-BB99-60A0388745CB}.Debug|x86.Build.0 = Debug|Win32
		{2C681821-BC03-4DB0-BB99-60A0388745CB}.Release|x64.ActiveCfg = Release|x64
		{2C681821-BC03-4DB0-BB99-60A0388745CB}.Release|x64.Build.0 = Release|x64
		{2C681821-BC03-4DB0-BB99-60A0388745CB}.Release|x86.ActiveCfg = Release|Win32
		{2C681821-BC03-4DB0-BB99-60A0388745CB}.Release|x86.Build.0 = Release|Win32
		{57D5B06A-06CB-4848-9556-422E287146C8}.Debug|x64.ActiveCfg = Debug|x64
		{57D5B06A-06CB-4848-9556-422E287146C8}.Debug|x64.Build.0 = Debug|x64
		{57D5B06A-06CB-4848-9556-422E287146C8}.Debug|x86.ActiveCfg = Debug|Win32
		{57D5B06A-06CB-4848-9556-422E287146C8}.Debug|x86.Build.0 = Debug|Win32
		{57D5B06A-06CB-4848-9556-422E287146C8}.Release|x64.ActiveCfg = Release|x64
		{57D5B06A-06CB-4848-9556-422E287146C8}.Release|x64.Build.0 = Release|x64
		{57D5B06A-06CB-4848-9556-422E287146C8}.Release|x86.ActiveCfg = Release|Win32
		{57D5B06A-06CB-4848-9556-422E287146C8}.Release|x86.Build.0 = Release|Win32
		{554E11A3-E532-4C3C-8EA4-5488FB58CA8E}.Debug|x64.ActiveCfg = Debug|x64
		{554E11A3-E532-4C3C-8EA4-5488FB58CA8E}.Debug|x64.Build.0 = Debug|x64
		{554E11A3-E532-4C3C-8EA4-5488FB58CA8E}.Debug|x86.ActiveCfg = Debug|Win32
		{554E11A3-E532-4C3C-8EA4-5488FB58CA8E}.Debug|x86.Build.0 = Debug|Win32
		{554E11A3-E532-4C3C-8EA4-5488FB58CA8E}.Release|x64.ActiveCfg = Release|x64
		{554E11A3-E532-4C3C-8EA4-5488FB58CA8E}.Release|x64.Build.0 = Release|x64
		{554E11A3-E532-4C3C-8EA4-5488FB58CA8E}.Release|x86.ActiveCfg = Release|Win32
		{554E11A3-E532-4C3C-8EA4-5488FB58CA8E}.Release|x86.Build.0 = Release|Win32
		{32E80848-304E-4C32-948F-24A995BFA194}.Debug|x64.ActiveCfg = Debug|x64
		{32E80848-304E-4C32-948F-24A995BFA194}.Debug|x64.Build.0 = Debug|x64
		{32E80848-304E-4C32-948F-24A995BFA194}.Debug|x86.ActiveCfg = Debug|Win32
		{32E80848-304E-4C32-948F-24A995BFA194}.Debug|x86.Build.0 = Debug|Win32
		{32E80848-304E-4C32-948F-24A995BFA194}.Release|x64.ActiveCfg = Release|x64
		{32E80848-304E-4C32-948F-24A995BFA194}.Release|x64.Build.0 = Release|x64
		{32E80848-304E-4C32-948F-24A995BFA194}.Release|x86.ActiveCfg = Release|Win32
		{32E80848-304E-4C32-948F-24A995BFA194}.Release|x86.Build.0 = Release|Win32
		{70368C36-9410-444C-A30A-B13854CA3D14}.Debug|x64.ActiveCfg = Debug|x64
		{70368C36-9410-444C-A30A-B13854CA3D14}.Debug|x64.Build.0 = Debug|x64
		{70368C36-9410-444C-A30A-B13854CA3D14}.Debug|x86.ActiveCfg = Debug|Win32
		{70368C36-9410-444C-A30A-B13854CA3D14}.Debug|x86.Build.0 = Debug|Win32
		{70368C36-9410-444C-A30A-B13854CA3D14}.Release|x64.ActiveCfg = Release|x64
		{70368C36-9410-444C-A30A-B13854CA3D14}.Release|x64.Build.0 = Release|x64
		{70368C36-9410-444C-A30A-B13854CA3D14}.Release|x86.ActiveCfg = Release|Win32
		{70368C36-9410-444C-A30A-B13854CA3D14}.Release|x86.Build.0 = Release|Win32
		{2A4D2538-926F-4E0B-8499-3CD9BE2F2C58}.Debug|x64.ActiveCfg = Debug|x64
		{2A4D2538-926F-4E0B-8499-3CD9BE2F2C58}.Debug|x64.Build.0 = Debug|x64
		{2A4D2538-926F-4E0B-8499-3CD9BE2F2C58}.Debug|x86.ActiveCfg = Debug|Win32
		{2A4D2538-926F-4E0B-8499-3CD9BE2F2C58}.Debug|x86.Build.0 = Debug|Win32
		{2A4D2538-926F-4E0B-8499-3CD9BE2F2C58}.Release|x64.ActiveCfg = Release|x64
		{2A4D2538-926F-4E0B-8499-3CD9BE2F2C58}.Release|x64.Build.0 = Release|x64
		{2A4D2538-926F-4E0B-8499-3CD9BE2F2C58}.Release|x86.ActiveCfg = Release|Win32
		{2A4D2538-926F-4E0B-8499-3CD9BE2F2C58}.Release|x86.Build.0 = Release|Win32
		{FFE6A48F-EC6C-4888-8E84-86BB06B63F81}.Debug|x64.ActiveCfg = Debug|x64
		{FFE6A48F-EC6C-4888-8E84-86BB06B63F81}.Debug|x64.Build.0 = Debug|x64
		{FFE6A48F-EC6C-4888-8E84-86BB06B63F81}.Debug|x86.ActiveCfg = Debug|Win32
		{FFE6A48F-EC6C-4888-8E84-86BB06B63F81}.Debug|x86.Build.0 = Debug|Win32
		{FFE6A48F-EC6C-4888-8E84-86BB06B63F81}.Release|x64.ActiveCfg = Release|x64
		{FFE6A48F-EC6C-4888-8E84-86BB06B63F81}.Release|x64.Build.0 = Release|x64
		{FFE6A48F-EC6C-4888-8E84-86BB06B63F81}.Release|x86.ActiveCfg = Release|Win32
		{FFE6A48F-EC6C-4888-8E84-86BB06B63F81}.Release|x86.Build.0 = Release|Win32
	EndGlobalSection
	GlobalSection(SolutionProperties) = preSolution
		HideSolutionNode = FALSE
	EndGlobalSection
	GlobalSection(NestedProjects) = preSolution
		{1D207332-75F0-4366-B2C5-C3D309CC413B} = {8432F51B-C985-4D40-A0F2-816FFEA39501}
		{4F071A03-9029-4227-BC3F-78297B0BA129} = {8432F51B-C985-4D40-A0F2-816FFEA39501}
		{FF05827A-7888-4A14-AFBD-C268251EB835} = {8432F51B-C985-4D40-A0F2-816FFEA39501}
		{D632D7B3-73EA-4AEF-922F-669C46902639} = {8432F51B-C985-4D40-A0F2-816FFEA39501}
		{BB131F79-EDBF-4999-BF8D-36222E639C8B} = {8432F51B-C985-4D40-A0F2-816FFEA39501}
		{2C681821-BC03-4DB0-BB99-60A0388745CB} = {8432F51B-C985-4D40-A0F2-816FFEA39501}
		{57D5B06A-06CB-4848-9556-422E287146C8} = {8432F51B-C985-4D40-A0F2-816FFEA39501}
		{554E11A3-E532-4C3C-8EA4-5488FB58CA8E} = {8432F51B-C985-4D40-A0F2-816FFEA39501}
		{32E80848-304E-4C32-948F-24A995BFA194} = {8432F51B-C985-4D40-A0F2-816FFEA39501}
		{70368C36-9410-444C-A30A-B13854CA3D14} = {8432F51B-C985-4D40-A0F2-816FFEA39501}
		{2A4D2538-926F-4E0B-8499-3CD9BE2F2C58} = {8432F51B-C985-4D40-A0F2-816FFEA39501}
		{FFE6A48F-EC6C-4888-8E84-86BB06B63F81} = {8432F51B-C985-4D40-A0F2-816FFEA39501}
	EndGlobalSection
	GlobalSection(ExtensibilityGlobals) = postSolution
		SolutionGuid = {DE7C2CD7-BB95-4318-A901-3BBA742FCBD2}
	EndGlobalSection
EndGlobal
